
Microsoft Visual Studio Solution File, Format Version 12.00
# Visual Studio 15
VisualStudioVersion = 15.0.27703.2026
MinimumVisualStudioVersion = 10.0.40219.1
Project("{FAE04EC0-301F-11D3-BF4B-00C04F79EFBC}") = "DarkSkyApp", "DarkSkyApp\DarkSkyApp.csproj", "{A7DAFC41-D3DA-43AE-AD71-F24D661E9D15}"
EndProject
Global
	GlobalSection(SolutionConfigurationPlatforms) = preSolution
		Debug|Any CPU = Debug|Any CPU
		Release|Any CPU = Release|Any CPU
	EndGlobalSection
	GlobalSection(ProjectConfigurationPlatforms) = postSolution
		{A7DAFC41-D3DA-43AE-AD71-F24D661E9D15}.Debug|Any CPU.ActiveCfg = Debug|Any CPU
		{A7DAFC41-D3DA-43AE-AD71-F24D661E9D15}.Debug|Any CPU.Build.0 = Debug|Any CPU
		{A7DAFC41-D3DA-43AE-AD71-F24D661E9D15}.Release|Any CPU.ActiveCfg = Release|Any CPU
		{A7DAFC41-D3DA-43AE-AD71-F24D661E9D15}.Release|Any CPU.Build.0 = Release|Any CPU
	EndGlobalSection
	GlobalSection(SolutionProperties) = preSolution
		HideSolutionNode = FALSE
	EndGlobalSection
	GlobalSection(ExtensibilityGlobals) = postSolution
		SolutionGuid = {AFF62B93-89A5-402F-B7F4-4E1DA53186B4}
	EndGlobalSection
EndGlobal
